{
  "pins" : [
    {
      "identity" : "scrollviewifneeded",
      "kind" : "remoteSourceControl",
      "location" : "https://github.com/dkk/ScrollViewIfNeeded",
      "state" : {
        "revision" : "a14bb7355f317fd43e194021cbd813dbc0c298e6",
        "version" : "1.0.1"
      }
    },
    {
      "identity" : "swift-docc-plugin",
      "kind" : "remoteSourceControl",
      "location" : "https://github.com/apple/swift-docc-plugin.git",
      "state" : {
        "revision" : "3303b164430d9a7055ba484c8ead67a52f7b74f6",
        "version" : "1.0.0"
      }
    }
  ],
  "version" : 2
}
